// !$*UTF8*$!
{
	archiveVersion = 1;
	classes = {
	};
	objectVersion = 46;
	objects = {

/* Begin PBXBuildFile section */
		B82283761C882DB1001A0C4E /* AppDelegate.swift in Sources */ = {isa = PBXBuildFile; fileRef = B82283751C882DB1001A0C4E /* AppDelegate.swift */; };
		B82283781C882DB1001A0C4E /* ViewController.swift in Sources */ = {isa = PBXBuildFile; fileRef = B82283771C882DB1001A0C4E /* ViewController.swift */; };
		B822837B1C882DB1001A0C4E /* Main.storyboard in Resources */ = {isa = PBXBuildFile; fileRef = B82283791C882DB1001A0C4E /* Main.storyboard */; };
		B822837D1C882DB1001A0C4E /* Assets.xcassets in Resources */ = {isa = PBXBuildFile; fileRef = B822837C1C882DB1001A0C4E /* Assets.xcassets */; };
		B82283801C882DB1001A0C4E /* LaunchScreen.storyboard in Resources */ = {isa = PBXBuildFile; fileRef = B822837E1C882DB1001A0C4E /* LaunchScreen.storyboard */; };
		B822838B1C882DB2001A0C4E /* FoodTrackerTests.swift in Sources */ = {isa = PBXBuildFile; fileRef = B822838A1C882DB2001A0C4E /* FoodTrackerTests.swift */; };
/* End PBXBuildFile section */

/* Begin PBXContainerItemProxy section */
		B82283871C882DB2001A0C4E /* PBXContainerItemProxy */ = {
			isa = PBXContainerItemProxy;
			containerPortal = B822836A1C882DB1001A0C4E /* Project object */;
			proxyType = 1;
			remoteGlobalIDString = B82283711C882DB1001A0C4E;
			remoteInfo = FoodTracker;
		};
/* End PBXContainerItemProxy section */

/* Begin PBXFileReference section */
		B82283721C882DB1001A0C4E /* FoodTracker.app */ = {isa = PBXFileReference; explicitFileType = wrapper.application; includeInIndex = 0; path = FoodTracker.app; sourceTree = BUILT_PRODUCTS_DIR; };
		B82283751C882DB1001A0C4E /* AppDelegate.swift */ = {isa = PBXFileReference; lastKnownFileType = sourcecode.swift; path = AppDelegate.swift; sourceTree = "<group>"; };
		B82283771C882DB1001A0C4E /* ViewController.swift */ = {isa = PBXFileReference; lastKnownFileType = sourcecode.swift; path = ViewController.swift; sourceTree = "<group>"; };
		B822837A1C882DB1001A0C4E /* Base */ = {isa = PBXFileReference; lastKnownFileType = file.storyboard; name = Base; path = Base.lproj/Main.storyboard; sourceTree = "<group>"; };
		B822837C1C882DB1001A0C4E /* Assets.xcassets */ = {isa = PBXFileReference; lastKnownFileType = folder.assetcatalog; path = Assets.xcassets; sourceTree = "<group>"; };
		B822837F1C882DB1001A0C4E /* Base */ = {isa = PBXFileReference; lastKnownFileType = file.storyboard; name = Base; path = Base.lproj/LaunchScreen.storyboard; sourceTree = "<group>"; };
		B82283811C882DB1001A0C4E /* Info.plist */ = {isa = PBXFileReference; lastKnownFileType = text.plist.xml; path = Info.plist; sourceTree = "<group>"; };
		B82283861C882DB2001A0C4E /* FoodTrackerTests.xctest */ = {isa = PBXFileReference; explicitFileType = wrapper.cfbundle; includeInIndex = 0; path = FoodTrackerTests.xctest; sourceTree = BUILT_PRODUCTS_DIR; };
		B822838A1C882DB2001A0C4E /* FoodTrackerTests.swift */ = {isa = PBXFileReference; lastKnownFileType = sourcecode.swift; path = FoodTrackerTests.swift; sourceTree = "<group>"; };
		B822838C1C882DB2001A0C4E /* Info.plist */ = {isa = PBXFileReference; lastKnownFileType = text.plist.xml; path = Info.plist; sourceTree = "<group>"; };
/* End PBXFileReference section */

/* Begin PBXFrameworksBuildPhase section */
		B822836F1C882DB1001A0C4E /* Frameworks */ = {
			isa = PBXFrameworksBuildPhase;
			buildActionMask = 2147483647;
			files = (
			);
			runOnlyForDeploymentPostprocessing = 0;
		};
		B82283831C882DB2001A0C4E /* Frameworks */ = {
			isa = PBXFrameworksBuildPhase;
			buildActionMask = 2147483647;
			files = (
			);
			runOnlyForDeploymentPostprocessing = 0;
		};
/* End PBXFrameworksBuildPhase section */

/* Begin PBXGroup section */
		B82283691C882DB1001A0C4E = {
			isa = PBXGroup;
			children = (
				B82283741C882DB1001A0C4E /* FoodTracker */,
				B82283891C882DB2001A0C4E /* FoodTrackerTests */,
				B82283731C882DB1001A0C4E /* Products */,
			);
			sourceTree = "<group>";
		};
		B82283731C882DB1001A0C4E /* Products */ = {
			isa = PBXGroup;
			children = (
				B82283721C882DB1001A0C4E /* FoodTracker.app */,
				B82283861C882DB2001A0C4E /* FoodTrackerTests.xctest */,
			);
			name = Products;
			sourceTree = "<group>";
		};
		B82283741C882DB1001A0C4E /* FoodTracker */ = {
			isa = PBXGroup;
			children = (
				B82283751C882DB1001A0C4E /* AppDelegate.swift */,
				B82283771C882DB1001A0C4E /* ViewController.swift */,
				B82283791C882DB1001A0C4E /* Main.storyboard */,
				B822837C1C882DB1001A0C4E /* Assets.xcassets */,
				B822837E1C882DB1001A0C4E /* LaunchScreen.storyboard */,
				B82283811C882DB1001A0C4E /* Info.plist */,
			);
			path = FoodTracker;
			sourceTree = "<group>";
		};
		B82283891C882DB2001A0C4E /* FoodTrackerTests */ = {
			isa = PBXGroup;
			children = (
				B822838A1C882DB2001A0C4E /* FoodTrackerTests.swift */,
				B822838C1C882DB2001A0C4E /* Info.plist */,
			);
			path = FoodTrackerTests;
			sourceTree = "<group>";
		};
/* End PBXGroup section */

/* Begin PBXNativeTarget section */
		B82283711C882DB1001A0C4E /* FoodTracker */ = {
			isa = PBXNativeTarget;
			buildConfigurationList = B822838F1C882DB2001A0C4E /* Build configuration list for PBXNativeTarget "FoodTracker" */;
			buildPhases = (
				B822836E1C882DB1001A0C4E /* Sources */,
				B822836F1C882DB1001A0C4E /* Frameworks */,
				B82283701C882DB1001A0C4E /* Resources */,
			);
			buildRules = (
			);
			dependencies = (
			);
			name = FoodTracker;
			productName = FoodTracker;
			productReference = B82283721C882DB1001A0C4E /* FoodTracker.app */;
			productType = "com.apple.product-type.application";
		};
		B82283851C882DB2001A0C4E /* FoodTrackerTests */ = {
			isa = PBXNativeTarget;
			buildConfigurationList = B82283921C882DB2001A0C4E /* Build configuration list for PBXNativeTarget "FoodTrackerTests" */;
			buildPhases = (
				B82283821C882DB2001A0C4E /* Sources */,
				B82283831C882DB2001A0C4E /* Frameworks */,
				B82283841C882DB2001A0C4E /* Resources */,
			);
			buildRules = (
			);
			dependencies = (
				B82283881C882DB2001A0C4E /* PBXTargetDependency */,
			);
			name = FoodTrackerTests;
			productName = FoodTrackerTests;
			productReference = B82283861C882DB2001A0C4E /* FoodTrackerTests.xctest */;
			productType = "com.apple.product-type.bundle.unit-test";
		};
/* End PBXNativeTarget section */

/* Begin PBXProject section */
		B822836A1C882DB1001A0C4E /* Project object */ = {
			isa = PBXProject;
			attributes = {
				LastSwiftUpdateCheck = 0720;
				LastUpgradeCheck = 0720;
				ORGANIZATIONNAME = "Prekshya Basnet";
				TargetAttributes = {
					B82283711C882DB1001A0C4E = {
						CreatedOnToolsVersion = 7.2;
					};
					B82283851C882DB2001A0C4E = {
						CreatedOnToolsVersion = 7.2;
						TestTargetID = B82283711C882DB1001A0C4E;
					};
				};
			};
			buildConfigurationList = B822836D1C882DB1001A0C4E /* Build configuration list for PBXProject "FoodTracker" */;
			compatibilityVersion = "Xcode 3.2";
			developmentRegion = English;
			hasScannedForEncodings = 0;
			knownRegions = (
				en,
				Base,
			);
			mainGroup = B82283691C882DB1001A0C4E;
			productRefGroup = B82283731C882DB1001A0C4E /* Products */;
			projectDirPath = "";
			projectRoot = "";
			targets = (
				B82283711C882DB1001A0C4E /* FoodTracker */,
				B82283851C882DB2001A0C4E /* FoodTrackerTests */,
			);
		};
/* End PBXProject section */

/* Begin PBXResourcesBuildPhase section */
		B82283701C882DB1001A0C4E /* Resources */ = {
			isa = PBXResourcesBuildPhase;
			buildActionMask = 2147483647;
			files = (
				B82283801C882DB1001A0C4E /* LaunchScreen.storyboard in Resources */,
				B822837D1C882DB1001A0C4E /* Assets.xcassets in Resources */,
				B822837B1C882DB1001A0C4E /* Main.storyboard in Resources */,
			);
			runOnlyForDeploymentPostprocessing = 0;
		};
		B82283841C882DB2001A0C4E /* Resources */ = {
			isa = PBXResourcesBuildPhase;
			buildActionMask = 2147483647;
			files = (
			);
			runOnlyForDeploymentPostprocessing = 0;
		};
/* End PBXResourcesBuildPhase section */

/* Begin PBXSourcesBuildPhase section */
		B822836E1C882DB1001A0C4E /* Sources */ = {
			isa = PBXSourcesBuildPhase;
			buildActionMask = 2147483647;
			files = (
				B82283781C882DB1001A0C4E /* ViewController.swift in Sources */,
				B82283761C882DB1001A0C4E /* AppDelegate.swift in Sources */,
			);
			runOnlyForDeploymentPostprocessing = 0;
		};
		B82283821C882DB2001A0C4E /* Sources */ = {
			isa = PBXSourcesBuildPhase;
			buildActionMask = 2147483647;
			files = (
				B822838B1C882DB2001A0C4E /* FoodTrackerTests.swift in Sources */,
			);
			runOnlyForDeploymentPostprocessing = 0;
		};
/* End PBXSourcesBuildPhase section */

/* Begin PBXTargetDependency section */
		B82283881C882DB2001A0C4E /* PBXTargetDependency */ = {
			isa = PBXTargetDependency;
			target = B82283711C882DB1001A0C4E /* FoodTracker */;
			targetProxy = B82283871C882DB2001A0C4E /* PBXContainerItemProxy */;
		};
/* End PBXTargetDependency section */

/* Begin PBXVariantGroup section */
		B82283791C882DB1001A0C4E /* Main.storyboard */ = {
			isa = PBXVariantGroup;
			children = (
				B822837A1C882DB1001A0C4E /* Base */,
			);
			name = Main.storyboard;
			sourceTree = "<group>";
		};
		B822837E1C882DB1001A0C4E /* LaunchScreen.storyboard */ = {
			isa = PBXVariantGroup;
			children = (
				B822837F1C882DB1001A0C4E /* Base */,
			);
			name = LaunchScreen.storyboard;
			sourceTree = "<group>";
		};
/* End PBXVariantGroup section */

/* Begin XCBuildConfiguration section */
		B822838D1C882DB2001A0C4E /* Debug */ = {
			isa = XCBuildConfiguration;
			buildSettings = {
				ALWAYS_SEARCH_USER_PATHS = NO;
				CLANG_CXX_LANGUAGE_STANDARD = "gnu++0x";
				CLANG_CXX_LIBRARY = "libc++";
				CLANG_ENABLE_MODULES = YES;
				CLANG_ENABLE_OBJC_ARC = YES;
				CLANG_WARN_BOOL_CONVERSION = YES;
				CLANG_WARN_CONSTANT_CONVERSION = YES;
				CLANG_WARN_DIRECT_OBJC_ISA_USAGE = YES_ERROR;
				CLANG_WARN_EMPTY_BODY = YES;
				CLANG_WARN_ENUM_CONVERSION = YES;
				CLANG_WARN_INT_CONVERSION = YES;
				CLANG_WARN_OBJC_ROOT_CLASS = YES_ERROR;
				CLANG_WARN_UNREACHABLE_CODE = YES;
				CLANG_WARN__DUPLICATE_METHOD_MATCH = YES;
				"CODE_SIGN_IDENTITY[sdk=iphoneos*]" = "iPhone Developer";
				COPY_PHASE_STRIP = NO;
				DEBUG_INFORMATION_FORMAT = dwarf;
				ENABLE_STRICT_OBJC_MSGSEND = YES;
				ENABLE_TESTABILITY = YES;
				GCC_C_LANGUAGE_STANDARD = gnu99;
				GCC_DYNAMIC_NO_PIC = NO;
				GCC_NO_COMMON_BLOCKS = YES;
				GCC_OPTIMIZATION_LEVEL = 0;
				GCC_PREPROCESSOR_DEFINITIONS = (
					"DEBUG=1",
					"$(inherited)",
				);
				GCC_WARN_64_TO_32_BIT_CONVERSION = YES;
				GCC_WARN_ABOUT_RETURN_TYPE = YES_ERROR;
				GCC_WARN_UNDECLARED_SELECTOR = YES;
				GCC_WARN_UNINITIALIZED_AUTOS = YES_AGGRESSIVE;
				GCC_WARN_UNUSED_FUNCTION = YES;
				GCC_WARN_UNUSED_VARIABLE = YES;
				IPHONEOS_DEPLOYMENT_TARGET = 9.2;
				MTL_ENABLE_DEBUG_INFO = YES;
				ONLY_ACTIVE_ARCH = YES;
				SDKROOT = iphoneos;
				SWIFT_OPTIMIZATION_LEVEL = "-Onone";
				TARGETED_DEVICE_FAMILY = "1,2";
			};
			name = Debug;
		};
		B822838E1C882DB2001A0C4E /* Release */ = {
			isa = XCBuildConfiguration;
			buildSettings = {
				ALWAYS_SEARCH_USER_PATHS = NO;
				CLANG_CXX_LANGUAGE_STANDARD = "gnu++0x";
				CLANG_CXX_LIBRARY = "libc++";
				CLANG_ENABLE_MODULES = YES;
				CLANG_ENABLE_OBJC_ARC = YES;
				CLANG_WARN_BOOL_CONVERSION = YES;
				CLANG_WARN_CONSTANT_CONVERSION = YES;
				CLANG_WARN_DIRECT_OBJC_ISA_USAGE = YES_ERROR;
				CLANG_WARN_EMPTY_BODY = YES;
				CLANG_WARN_ENUM_CONVERSION = YES;
				CLANG_WARN_INT_CONVERSION = YES;
				CLANG_WARN_OBJC_ROOT_CLASS = YES_ERROR;
				CLANG_WARN_UNREACHABLE_CODE = YES;
				CLANG_WARN__DUPLICATE_METHOD_MATCH = YES;
				"CODE_SIGN_IDENTITY[sdk=iphoneos*]" = "iPhone Developer";
				COPY_PHASE_STRIP = NO;
				DEBUG_INFORMATION_FORMAT = "dwarf-with-dsym";
				ENABLE_NS_ASSERTIONS = NO;
				ENABLE_STRICT_OBJC_MSGSEND = YES;
				GCC_C_LANGUAGE_STANDARD = gnu99;
				GCC_NO_COMMON_BLOCKS = YES;
				GCC_WARN_64_TO_32_BIT_CONVERSION = YES;
				GCC_WARN_ABOUT_RETURN_TYPE = YES_ERROR;
				GCC_WARN_UNDECLARED_SELECTOR = YES;
				GCC_WARN_UNINITIALIZED_AUTOS = YES_AGGRESSIVE;
				GCC_WARN_UNUSED_FUNCTION = YES;
				GCC_WARN_UNUSED_VARIABLE = YES;
				IPHONEOS_DEPLOYMENT_TARGET = 9.2;
				MTL_ENABLE_DEBUG_INFO = NO;
				SDKROOT = iphoneos;
				TARGETED_DEVICE_FAMILY = "1,2";
				VALIDATE_PRODUCT = YES;
			};
			name = Release;
		};
		B82283901C882DB2001A0C4E /* Debug */ = {
			isa = XCBuildConfiguration;
			buildSettings = {
				ASSETCATALOG_COMPILER_APPICON_NAME = AppIcon;
				INFOPLIST_FILE = FoodTracker/Info.plist;
				LD_RUNPATH_SEARCH_PATHS = "$(inherited) @executable_path/Frameworks";
				PRODUCT_BUNDLE_IDENTIFIER = com.3C.FoodTracker;
				PRODUCT_NAME = "$(TARGET_NAME)";
			};
			name = Debug;
		};
		B82283911C882DB2001A0C4E /* Release */ = {
			isa = XCBuildConfiguration;
			buildSettings = {
				ASSETCATALOG_COMPILER_APPICON_NAME = AppIcon;
				INFOPLIST_FILE = FoodTracker/Info.plist;
				LD_RUNPATH_SEARCH_PATHS = "$(inherited) @executable_path/Frameworks";
				PRODUCT_BUNDLE_IDENTIFIER = com.3C.FoodTracker;
				PRODUCT_NAME = "$(TARGET_NAME)";
			};
			name = Release;
		};
		B82283931C882DB2001A0C4E /* Debug */ = {
			isa = XCBuildConfiguration;
			buildSettings = {
				BUNDLE_LOADER = "$(TEST_HOST)";
				INFOPLIST_FILE = FoodTrackerTests/Info.plist;
				LD_RUNPATH_SEARCH_PATHS = "$(inherited) @executable_path/Frameworks @loader_path/Frameworks";
				PRODUCT_BUNDLE_IDENTIFIER = com.3C.FoodTrackerTests;
				PRODUCT_NAME = "$(TARGET_NAME)";
				TEST_HOST = "$(BUILT_PRODUCTS_DIR)/FoodTracker.app/FoodTracker";
			};
			name = Debug;
		};
		B82283941C882DB2001A0C4E /* Release */ = {
			isa = XCBuildConfiguration;
			buildSettings = {
				BUNDLE_LOADER = "$(TEST_HOST)";
				INFOPLIST_FILE = FoodTrackerTests/Info.plist;
				LD_RUNPATH_SEARCH_PATHS = "$(inherited) @executable_path/Frameworks @loader_path/Frameworks";
				PRODUCT_BUNDLE_IDENTIFIER = com.3C.FoodTrackerTests;
				PRODUCT_NAME = "$(TARGET_NAME)";
				TEST_HOST = "$(BUILT_PRODUCTS_DIR)/FoodTracker.app/FoodTracker";
			};
			name = Release;
		};
/* End XCBuildConfiguration section */

/* Begin XCConfigurationList section */
		B822836D1C882DB1001A0C4E /* Build configuration list for PBXProject "FoodTracker" */ = {
			isa = XCConfigurationList;
			buildConfigurations = (
				B822838D1C882DB2001A0C4E /* Debug */,
				B822838E1C882DB2001A0C4E /* Release */,
			);
			defaultConfigurationIsVisible = 0;
			defaultConfigurationName = Release;
		};
		B822838F1C882DB2001A0C4E /* Build configuration list for PBXNativeTarget "FoodTracker" */ = {
			isa = XCConfigurationList;
			buildConfigurations = (
				B82283901C882DB2001A0C4E /* Debug */,
				B82283911C882DB2001A0C4E /* Release */,
			);
			defaultConfigurationIsVisible = 0;
		};
		B82283921C882DB2001A0C4E /* Build configuration list for PBXNativeTarget "FoodTrackerTests" */ = {
			isa = XCConfigurationList;
			buildConfigurations = (
				B82283931C882DB2001A0C4E /* Debug */,
				B82283941C882DB2001A0C4E /* Release */,
			);
			defaultConfigurationIsVisible = 0;
		};
/* End XCConfigurationList section */
	};
	rootObject = B822836A1C882DB1001A0C4E /* Project object */;
}
